// !$*UTF8*$!
{
	archiveVersion = 1;
	classes = {
	};
	objectVersion = 56;
	objects = {

/* Begin PBXBuildFile section */
		05ADE5E22BCB203000662954 /* FeaturedTabView.swift in Sources */ = {isa = PBXBuildFile; fileRef = 05ADE5E12BCB203000662954 /* FeaturedTabView.swift */; };
		05ADE5E42BCB2AA100662954 /* CategoryModel.swift in Sources */ = {isa = PBXBuildFile; fileRef = 05ADE5E32BCB2AA100662954 /* CategoryModel.swift */; };
		05ADE5E62BCB2BC500662954 /* CategoryItemView.swift in Sources */ = {isa = PBXBuildFile; fileRef = 05ADE5E52BCB2BC500662954 /* CategoryItemView.swift */; };
		05ADE5E82BCB2DF000662954 /* CategoryGridView.swift in Sources */ = {isa = PBXBuildFile; fileRef = 05ADE5E72BCB2DF000662954 /* CategoryGridView.swift */; };
		05ADE5EA2BCB311B00662954 /* SectionView.swift in Sources */ = {isa = PBXBuildFile; fileRef = 05ADE5E92BCB311B00662954 /* SectionView.swift */; };
		05BEFA732BCA121C00F73730 /* NavigationBarView.swift in Sources */ = {isa = PBXBuildFile; fileRef = 05BEFA722BCA121C00F73730 /* NavigationBarView.swift */; };
		05BEFA752BCB0AFF00F73730 /* LogoView.swift in Sources */ = {isa = PBXBuildFile; fileRef = 05BEFA742BCB0AFF00F73730 /* LogoView.swift */; };
		05BEFA772BCB19B800F73730 /* PlayerModel.swift in Sources */ = {isa = PBXBuildFile; fileRef = 05BEFA762BCB19B800F73730 /* PlayerModel.swift */; };
		05BEFA792BCB1A0E00F73730 /* CodableBundleExtension.swift in Sources */ = {isa = PBXBuildFile; fileRef = 05BEFA782BCB1A0E00F73730 /* CodableBundleExtension.swift */; };
		05BEFA7B2BCB1D1D00F73730 /* FeaturedItemView.swift in Sources */ = {isa = PBXBuildFile; fileRef = 05BEFA7A2BCB1D1D00F73730 /* FeaturedItemView.swift */; };
		05D4618B2BC7624300AAD2C9 /* DemoTouchdownApp.swift in Sources */ = {isa = PBXBuildFile; fileRef = 05D4618A2BC7624300AAD2C9 /* DemoTouchdownApp.swift */; };
		05D4618D2BC7624300AAD2C9 /* ContentView.swift in Sources */ = {isa = PBXBuildFile; fileRef = 05D4618C2BC7624300AAD2C9 /* ContentView.swift */; };
		05D4618F2BC7624500AAD2C9 /* Assets.xcassets in Resources */ = {isa = PBXBuildFile; fileRef = 05D4618E2BC7624500AAD2C9 /* Assets.xcassets */; };
		05D461922BC7624500AAD2C9 /* Preview Assets.xcassets in Resources */ = {isa = PBXBuildFile; fileRef = 05D461912BC7624500AAD2C9 /* Preview Assets.xcassets */; };
		05D4619C2BC7636600AAD2C9 /* category.json in Resources */ = {isa = PBXBuildFile; fileRef = 05D461982BC7636600AAD2C9 /* category.json */; };
		05D4619D2BC7636600AAD2C9 /* brand.json in Resources */ = {isa = PBXBuildFile; fileRef = 05D461992BC7636600AAD2C9 /* brand.json */; };
		05D4619E2BC7636600AAD2C9 /* product.json in Resources */ = {isa = PBXBuildFile; fileRef = 05D4619A2BC7636600AAD2C9 /* product.json */; };
		05D4619F2BC7636600AAD2C9 /* player.json in Resources */ = {isa = PBXBuildFile; fileRef = 05D4619B2BC7636600AAD2C9 /* player.json */; };
		05D461AC2BC7660500AAD2C9 /* Constants.swift in Sources */ = {isa = PBXBuildFile; fileRef = 05D461AB2BC7660500AAD2C9 /* Constants.swift */; };
		05D461AE2BC766A700AAD2C9 /* FooterView.swift in Sources */ = {isa = PBXBuildFile; fileRef = 05D461AD2BC766A700AAD2C9 /* FooterView.swift */; };
/* End PBXBuildFile section */

/* Begin PBXFileReference section */
		05ADE5E12BCB203000662954 /* FeaturedTabView.swift */ = {isa = PBXFileReference; lastKnownFileType = sourcecode.swift; path = FeaturedTabView.swift; sourceTree = "<group>"; };
		05ADE5E32BCB2AA100662954 /* CategoryModel.swift */ = {isa = PBXFileReference; lastKnownFileType = sourcecode.swift; path = CategoryModel.swift; sourceTree = "<group>"; };
		05ADE5E52BCB2BC500662954 /* CategoryItemView.swift */ = {isa = PBXFileReference; lastKnownFileType = sourcecode.swift; path = CategoryItemView.swift; sourceTree = "<group>"; };
		05ADE5E72BCB2DF000662954 /* CategoryGridView.swift */ = {isa = PBXFileReference; lastKnownFileType = sourcecode.swift; path = CategoryGridView.swift; sourceTree = "<group>"; };
		05ADE5E92BCB311B00662954 /* SectionView.swift */ = {isa = PBXFileReference; lastKnownFileType = sourcecode.swift; path = SectionView.swift; sourceTree = "<group>"; };
		05BEFA722BCA121C00F73730 /* NavigationBarView.swift */ = {isa = PBXFileReference; lastKnownFileType = sourcecode.swift; path = NavigationBarView.swift; sourceTree = "<group>"; };
		05BEFA742BCB0AFF00F73730 /* LogoView.swift */ = {isa = PBXFileReference; lastKnownFileType = sourcecode.swift; path = LogoView.swift; sourceTree = "<group>"; };
		05BEFA762BCB19B800F73730 /* PlayerModel.swift */ = {isa = PBXFileReference; lastKnownFileType = sourcecode.swift; path = PlayerModel.swift; sourceTree = "<group>"; };
		05BEFA782BCB1A0E00F73730 /* CodableBundleExtension.swift */ = {isa = PBXFileReference; lastKnownFileType = sourcecode.swift; path = CodableBundleExtension.swift; sourceTree = "<group>"; };
		05BEFA7A2BCB1D1D00F73730 /* FeaturedItemView.swift */ = {isa = PBXFileReference; lastKnownFileType = sourcecode.swift; path = FeaturedItemView.swift; sourceTree = "<group>"; };
		05D461872BC7624300AAD2C9 /* DemoTouchdown.app */ = {isa = PBXFileReference; explicitFileType = wrapper.application; includeInIndex = 0; path = DemoTouchdown.app; sourceTree = BUILT_PRODUCTS_DIR; };
		05D4618A2BC7624300AAD2C9 /* DemoTouchdownApp.swift */ = {isa = PBXFileReference; lastKnownFileType = sourcecode.swift; path = DemoTouchdownApp.swift; sourceTree = "<group>"; };
		05D4618C2BC7624300AAD2C9 /* ContentView.swift */ = {isa = PBXFileReference; lastKnownFileType = sourcecode.swift; path = ContentView.swift; sourceTree = "<group>"; };
		05D4618E2BC7624500AAD2C9 /* Assets.xcassets */ = {isa = PBXFileReference; lastKnownFileType = folder.assetcatalog; path = Assets.xcassets; sourceTree = "<group>"; };
		05D461912BC7624500AAD2C9 /* Preview Assets.xcassets */ = {isa = PBXFileReference; lastKnownFileType = folder.assetcatalog; path = "Preview Assets.xcassets"; sourceTree = "<group>"; };
		05D461982BC7636600AAD2C9 /* category.json */ = {isa = PBXFileReference; fileEncoding = 4; lastKnownFileType = text.json; path = category.json; sourceTree = "<group>"; };
		05D461992BC7636600AAD2C9 /* brand.json */ = {isa = PBXFileReference; fileEncoding = 4; lastKnownFileType = text.json; path = brand.json; sourceTree = "<group>"; };
		05D4619A2BC7636600AAD2C9 /* product.json */ = {isa = PBXFileReference; fileEncoding = 4; lastKnownFileType = text.json; path = product.json; sourceTree = "<group>"; };
		05D4619B2BC7636600AAD2C9 /* player.json */ = {isa = PBXFileReference; fileEncoding = 4; lastKnownFileType = text.json; path = player.json; sourceTree = "<group>"; };
		05D461A22BC763E500AAD2C9 /* Info.plist */ = {isa = PBXFileReference; lastKnownFileType = text.plist; path = Info.plist; sourceTree = "<group>"; };
		05D461AB2BC7660500AAD2C9 /* Constants.swift */ = {isa = PBXFileReference; lastKnownFileType = sourcecode.swift; path = Constants.swift; sourceTree = "<group>"; };
		05D461AD2BC766A700AAD2C9 /* FooterView.swift */ = {isa = PBXFileReference; lastKnownFileType = sourcecode.swift; path = FooterView.swift; sourceTree = "<group>"; };
/* End PBXFileReference section */

/* Begin PBXFrameworksBuildPhase section */
		05D461842BC7624300AAD2C9 /* Frameworks */ = {
			isa = PBXFrameworksBuildPhase;
			buildActionMask = 2147483647;
			files = (
			);
			runOnlyForDeploymentPostprocessing = 0;
		};
/* End PBXFrameworksBuildPhase section */

/* Begin PBXGroup section */
		05D4617E2BC7624300AAD2C9 = {
			isa = PBXGroup;
			children = (
				05D461892BC7624300AAD2C9 /* DemoTouchdown */,
				05D461882BC7624300AAD2C9 /* Products */,
			);
			sourceTree = "<group>";
		};
		05D461882BC7624300AAD2C9 /* Products */ = {
			isa = PBXGroup;
			children = (
				05D461872BC7624300AAD2C9 /* DemoTouchdown.app */,
			);
			name = Products;
			sourceTree = "<group>";
		};
		05D461892BC7624300AAD2C9 /* DemoTouchdown */ = {
			isa = PBXGroup;
			children = (
				05D461A32BC764E200AAD2C9 /* App */,
				05D461A42BC764EF00AAD2C9 /* View */,
				05D461A12BC7639800AAD2C9 /* Data */,
				05D461A92BC7658C00AAD2C9 /* Model */,
				05D461A82BC7650E00AAD2C9 /* Extension */,
				05D461AA2BC7659A00AAD2C9 /* Utility */,
				05D461A22BC763E500AAD2C9 /* Info.plist */,
				05D4618E2BC7624500AAD2C9 /* Assets.xcassets */,
				05D461902BC7624500AAD2C9 /* Preview Content */,
			);
			path = DemoTouchdown;
			sourceTree = "<group>";
		};
		05D461902BC7624500AAD2C9 /* Preview Content */ = {
			isa = PBXGroup;
			children = (
				05D461912BC7624500AAD2C9 /* Preview Assets.xcassets */,
			);
			path = "Preview Content";
			sourceTree = "<group>";
		};
		05D461A12BC7639800AAD2C9 /* Data */ = {
			isa = PBXGroup;
			children = (
				05D461992BC7636600AAD2C9 /* brand.json */,
				05D461982BC7636600AAD2C9 /* category.json */,
				05D4619B2BC7636600AAD2C9 /* player.json */,
				05D4619A2BC7636600AAD2C9 /* product.json */,
			);
			path = Data;
			sourceTree = "<group>";
		};
		05D461A32BC764E200AAD2C9 /* App */ = {
			isa = PBXGroup;
			children = (
				05D4618A2BC7624300AAD2C9 /* DemoTouchdownApp.swift */,
				05D4618C2BC7624300AAD2C9 /* ContentView.swift */,
			);
			path = App;
			sourceTree = "<group>";
		};
		05D461A42BC764EF00AAD2C9 /* View */ = {
			isa = PBXGroup;
			children = (
				05D461A52BC764F600AAD2C9 /* Home */,
				05D461A62BC764FC00AAD2C9 /* Detail */,
			);
			path = View;
			sourceTree = "<group>";
		};
		05D461A52BC764F600AAD2C9 /* Home */ = {
			isa = PBXGroup;
			children = (
				05D461AD2BC766A700AAD2C9 /* FooterView.swift */,
				05BEFA722BCA121C00F73730 /* NavigationBarView.swift */,
				05BEFA742BCB0AFF00F73730 /* LogoView.swift */,
				05BEFA7A2BCB1D1D00F73730 /* FeaturedItemView.swift */,
				05ADE5E12BCB203000662954 /* FeaturedTabView.swift */,
				05ADE5E52BCB2BC500662954 /* CategoryItemView.swift */,
				05ADE5E72BCB2DF000662954 /* CategoryGridView.swift */,
				05ADE5E92BCB311B00662954 /* SectionView.swift */,
			);
			path = Home;
			sourceTree = "<group>";
		};
		05D461A62BC764FC00AAD2C9 /* Detail */ = {
			isa = PBXGroup;
			children = (
			);
			path = Detail;
			sourceTree = "<group>";
		};
		05D461A82BC7650E00AAD2C9 /* Extension */ = {
			isa = PBXGroup;
			children = (
				05BEFA782BCB1A0E00F73730 /* CodableBundleExtension.swift */,
			);
			path = Extension;
			sourceTree = "<group>";
		};
		05D461A92BC7658C00AAD2C9 /* Model */ = {
			isa = PBXGroup;
			children = (
				05BEFA762BCB19B800F73730 /* PlayerModel.swift */,
				05ADE5E32BCB2AA100662954 /* CategoryModel.swift */,
			);
			path = Model;
			sourceTree = "<group>";
		};
		05D461AA2BC7659A00AAD2C9 /* Utility */ = {
			isa = PBXGroup;
			children = (
				05D461AB2BC7660500AAD2C9 /* Constants.swift */,
			);
			path = Utility;
			sourceTree = "<group>";
		};
/* End PBXGroup section */

/* Begin PBXNativeTarget section */
		05D461862BC7624300AAD2C9 /* DemoTouchdown */ = {
			isa = PBXNativeTarget;
			buildConfigurationList = 05D461952BC7624500AAD2C9 /* Build configuration list for PBXNativeTarget "DemoTouchdown" */;
			buildPhases = (
				05D461832BC7624300AAD2C9 /* Sources */,
				05D461842BC7624300AAD2C9 /* Frameworks */,
				05D461852BC7624300AAD2C9 /* Resources */,
			);
			buildRules = (
			);
			dependencies = (
			);
			name = DemoTouchdown;
			productName = DemoTouchdown;
			productReference = 05D461872BC7624300AAD2C9 /* DemoTouchdown.app */;
			productType = "com.apple.product-type.application";
		};
/* End PBXNativeTarget section */

/* Begin PBXProject section */
		05D4617F2BC7624300AAD2C9 /* Project object */ = {
			isa = PBXProject;
			attributes = {
				BuildIndependentTargetsInParallel = 1;
				LastSwiftUpdateCheck = 1520;
				LastUpgradeCheck = 1520;
				TargetAttributes = {
					05D461862BC7624300AAD2C9 = {
						CreatedOnToolsVersion = 15.2;
					};
				};
			};
			buildConfigurationList = 05D461822BC7624300AAD2C9 /* Build configuration list for PBXProject "DemoTouchdown" */;
			compatibilityVersion = "Xcode 14.0";
			developmentRegion = en;
			hasScannedForEncodings = 0;
			knownRegions = (
				en,
				Base,
			);
			mainGroup = 05D4617E2BC7624300AAD2C9;
			productRefGroup = 05D461882BC7624300AAD2C9 /* Products */;
			projectDirPath = "";
			projectRoot = "";
			targets = (
				05D461862BC7624300AAD2C9 /* DemoTouchdown */,
			);
		};
/* End PBXProject section */

/* Begin PBXResourcesBuildPhase section */
		05D461852BC7624300AAD2C9 /* Resources */ = {
			isa = PBXResourcesBuildPhase;
			buildActionMask = 2147483647;
			files = (
				05D4619F2BC7636600AAD2C9 /* player.json in Resources */,
				05D4619C2BC7636600AAD2C9 /* category.json in Resources */,
				05D4619D2BC7636600AAD2C9 /* brand.json in Resources */,
				05D461922BC7624500AAD2C9 /* Preview Assets.xcassets in Resources */,
				05D4618F2BC7624500AAD2C9 /* Assets.xcassets in Resources */,
				05D4619E2BC7636600AAD2C9 /* product.json in Resources */,
			);
			runOnlyForDeploymentPostprocessing = 0;
		};
/* End PBXResourcesBuildPhase section */

/* Begin PBXSourcesBuildPhase section */
		05D461832BC7624300AAD2C9 /* Sources */ = {
			isa = PBXSourcesBuildPhase;
			buildActionMask = 2147483647;
			files = (
				05BEFA792BCB1A0E00F73730 /* CodableBundleExtension.swift in Sources */,
				05D4618D2BC7624300AAD2C9 /* ContentView.swift in Sources */,
				05BEFA752BCB0AFF00F73730 /* LogoView.swift in Sources */,
				05D461AE2BC766A700AAD2C9 /* FooterView.swift in Sources */,
				05BEFA7B2BCB1D1D00F73730 /* FeaturedItemView.swift in Sources */,
				05D4618B2BC7624300AAD2C9 /* DemoTouchdownApp.swift in Sources */,
				05D461AC2BC7660500AAD2C9 /* Constants.swift in Sources */,
				05ADE5E82BCB2DF000662954 /* CategoryGridView.swift in Sources */,
				05ADE5E42BCB2AA100662954 /* CategoryModel.swift in Sources */,
				05BEFA732BCA121C00F73730 /* NavigationBarView.swift in Sources */,
				05ADE5EA2BCB311B00662954 /* SectionView.swift in Sources */,
				05ADE5E62BCB2BC500662954 /* CategoryItemView.swift in Sources */,
				05ADE5E22BCB203000662954 /* FeaturedTabView.swift in Sources */,
				05BEFA772BCB19B800F73730 /* PlayerModel.swift in Sources */,
			);
			runOnlyForDeploymentPostprocessing = 0;
		};
/* End PBXSourcesBuildPhase section */

/* Begin XCBuildConfiguration section */
		05D461932BC7624500AAD2C9 /* Debug */ = {
			isa = XCBuildConfiguration;
			buildSettings = {
				ALWAYS_SEARCH_USER_PATHS = NO;
				ASSETCATALOG_COMPILER_GENERATE_SWIFT_ASSET_SYMBOL_EXTENSIONS = YES;
				CLANG_ANALYZER_NONNULL = YES;
				CLANG_ANALYZER_NUMBER_OBJECT_CONVERSION = YES_AGGRESSIVE;
				CLANG_CXX_LANGUAGE_STANDARD = "gnu++20";
				CLANG_ENABLE_MODULES = YES;
				CLANG_ENABLE_OBJC_ARC = YES;
				CLANG_ENABLE_OBJC_WEAK = YES;
				CLANG_WARN_BLOCK_CAPTURE_AUTORELEASING = YES;
				CLANG_WARN_BOOL_CONVERSION = YES;
				CLANG_WARN_COMMA = YES;
				CLANG_WARN_CONSTANT_CONVERSION = YES;
				CLANG_WARN_DEPRECATED_OBJC_IMPLEMENTATIONS = YES;
				CLANG_WARN_DIRECT_OBJC_ISA_USAGE = YES_ERROR;
				CLANG_WARN_DOCUMENTATION_COMMENTS = YES;
				CLANG_WARN_EMPTY_BODY = YES;
				CLANG_WARN_ENUM_CONVERSION = YES;
				CLANG_WARN_INFINITE_RECURSION = YES;
				CLANG_WARN_INT_CONVERSION = YES;
				CLANG_WARN_NON_LITERAL_NULL_CONVERSION = YES;
				CLANG_WARN_OBJC_IMPLICIT_RETAIN_SELF = YES;
				CLANG_WARN_OBJC_LITERAL_CONVERSION = YES;
				CLANG_WARN_OBJC_ROOT_CLASS = YES_ERROR;
				CLANG_WARN_QUOTED_INCLUDE_IN_FRAMEWORK_HEADER = YES;
				CLANG_WARN_RANGE_LOOP_ANALYSIS = YES;
				CLANG_WARN_STRICT_PROTOTYPES = YES;
				CLANG_WARN_SUSPICIOUS_MOVE = YES;
				CLANG_WARN_UNGUARDED_AVAILABILITY = YES_AGGRESSIVE;
				CLANG_WARN_UNREACHABLE_CODE = YES;
				CLANG_WARN__DUPLICATE_METHOD_MATCH = YES;
				COPY_PHASE_STRIP = NO;
				DEBUG_INFORMATION_FORMAT = dwarf;
				ENABLE_STRICT_OBJC_MSGSEND = YES;
				ENABLE_TESTABILITY = YES;
				ENABLE_USER_SCRIPT_SANDBOXING = YES;
				GCC_C_LANGUAGE_STANDARD = gnu17;
				GCC_DYNAMIC_NO_PIC = NO;
				GCC_NO_COMMON_BLOCKS = YES;
				GCC_OPTIMIZATION_LEVEL = 0;
				GCC_PREPROCESSOR_DEFINITIONS = (
					"DEBUG=1",
					"$(inherited)",
				);
				GCC_WARN_64_TO_32_BIT_CONVERSION = YES;
				GCC_WARN_ABOUT_RETURN_TYPE = YES_ERROR;
				GCC_WARN_UNDECLARED_SELECTOR = YES;
				GCC_WARN_UNINITIALIZED_AUTOS = YES_AGGRESSIVE;
				GCC_WARN_UNUSED_FUNCTION = YES;
				GCC_WARN_UNUSED_VARIABLE = YES;
				IPHONEOS_DEPLOYMENT_TARGET = 17.2;
				LOCALIZATION_PREFERS_STRING_CATALOGS = YES;
				MTL_ENABLE_DEBUG_INFO = INCLUDE_SOURCE;
				MTL_FAST_MATH = YES;
				ONLY_ACTIVE_ARCH = YES;
				SDKROOT = iphoneos;
				SWIFT_ACTIVE_COMPILATION_CONDITIONS = "DEBUG $(inherited)";
				SWIFT_OPTIMIZATION_LEVEL = "-Onone";
			};
			name = Debug;
		};
		05D461942BC7624500AAD2C9 /* Release */ = {
			isa = XCBuildConfiguration;
			buildSettings = {
				ALWAYS_SEARCH_USER_PATHS = NO;
				ASSETCATALOG_COMPILER_GENERATE_SWIFT_ASSET_SYMBOL_EXTENSIONS = YES;
				CLANG_ANALYZER_NONNULL = YES;
				CLANG_ANALYZER_NUMBER_OBJECT_CONVERSION = YES_AGGRESSIVE;
				CLANG_CXX_LANGUAGE_STANDARD = "gnu++20";
				CLANG_ENABLE_MODULES = YES;
				CLANG_ENABLE_OBJC_ARC = YES;
				CLANG_ENABLE_OBJC_WEAK = YES;
				CLANG_WARN_BLOCK_CAPTURE_AUTORELEASING = YES;
				CLANG_WARN_BOOL_CONVERSION = YES;
				CLANG_WARN_COMMA = YES;
				CLANG_WARN_CONSTANT_CONVERSION = YES;
				CLANG_WARN_DEPRECATED_OBJC_IMPLEMENTATIONS = YES;
				CLANG_WARN_DIRECT_OBJC_ISA_USAGE = YES_ERROR;
				CLANG_WARN_DOCUMENTATION_COMMENTS = YES;
				CLANG_WARN_EMPTY_BODY = YES;
				CLANG_WARN_ENUM_CONVERSION = YES;
				CLANG_WARN_INFINITE_RECURSION = YES;
				CLANG_WARN_INT_CONVERSION = YES;
				CLANG_WARN_NON_LITERAL_NULL_CONVERSION = YES;
				CLANG_WARN_OBJC_IMPLICIT_RETAIN_SELF = YES;
				CLANG_WARN_OBJC_LITERAL_CONVERSION = YES;
				CLANG_WARN_OBJC_ROOT_CLASS = YES_ERROR;
				CLANG_WARN_QUOTED_INCLUDE_IN_FRAMEWORK_HEADER = YES;
				CLANG_WARN_RANGE_LOOP_ANALYSIS = YES;
				CLANG_WARN_STRICT_PROTOTYPES = YES;
				CLANG_WARN_SUSPICIOUS_MOVE = YES;
				CLANG_WARN_UNGUARDED_AVAILABILITY = YES_AGGRESSIVE;
				CLANG_WARN_UNREACHABLE_CODE = YES;
				CLANG_WARN__DUPLICATE_METHOD_MATCH = YES;
				COPY_PHASE_STRIP = NO;
				DEBUG_INFORMATION_FORMAT = "dwarf-with-dsym";
				ENABLE_NS_ASSERTIONS = NO;
				ENABLE_STRICT_OBJC_MSGSEND = YES;
				ENABLE_USER_SCRIPT_SANDBOXING = YES;
				GCC_C_LANGUAGE_STANDARD = gnu17;
				GCC_NO_COMMON_BLOCKS = YES;
				GCC_WARN_64_TO_32_BIT_CONVERSION = YES;
				GCC_WARN_ABOUT_RETURN_TYPE = YES_ERROR;
				GCC_WARN_UNDECLARED_SELECTOR = YES;
				GCC_WARN_UNINITIALIZED_AUTOS = YES_AGGRESSIVE;
				GCC_WARN_UNUSED_FUNCTION = YES;
				GCC_WARN_UNUSED_VARIABLE = YES;
				IPHONEOS_DEPLOYMENT_TARGET = 17.2;
				LOCALIZATION_PREFERS_STRING_CATALOGS = YES;
				MTL_ENABLE_DEBUG_INFO = NO;
				MTL_FAST_MATH = YES;
				SDKROOT = iphoneos;
				SWIFT_COMPILATION_MODE = wholemodule;
				VALIDATE_PRODUCT = YES;
			};
			name = Release;
		};
		05D461962BC7624500AAD2C9 /* Debug */ = {
			isa = XCBuildConfiguration;
			buildSettings = {
				ASSETCATALOG_COMPILER_APPICON_NAME = AppIcon;
				ASSETCATALOG_COMPILER_GLOBAL_ACCENT_COLOR_NAME = AccentColor;
				CODE_SIGN_STYLE = Automatic;
				CURRENT_PROJECT_VERSION = 1;
				DEVELOPMENT_ASSET_PATHS = "\"DemoTouchdown/Preview Content\"";
				DEVELOPMENT_TEAM = 6LYSCZM2WQ;
				ENABLE_PREVIEWS = YES;
				GENERATE_INFOPLIST_FILE = YES;
				INFOPLIST_FILE = DemoTouchdown/Info.plist;
				INFOPLIST_KEY_UIApplicationSceneManifest_Generation = YES;
				INFOPLIST_KEY_UIApplicationSupportsIndirectInputEvents = YES;
				INFOPLIST_KEY_UISupportedInterfaceOrientations = UIInterfaceOrientationPortrait;
				INFOPLIST_KEY_UISupportedInterfaceOrientations_iPad = "UIInterfaceOrientationPortrait UIInterfaceOrientationPortraitUpsideDown";
				INFOPLIST_KEY_UIUserInterfaceStyle = Light;
				LD_RUNPATH_SEARCH_PATHS = (
					"$(inherited)",
					"@executable_path/Frameworks",
				);
				MARKETING_VERSION = 1.0;
				PRODUCT_BUNDLE_IDENTIFIER = com.gidsarlab.DemoTouchdown;
				PRODUCT_NAME = "$(TARGET_NAME)";
				SWIFT_EMIT_LOC_STRINGS = YES;
				SWIFT_VERSION = 5.0;
				TARGETED_DEVICE_FAMILY = "1,2";
			};
			name = Debug;
		};
		05D461972BC7624500AAD2C9 /* Release */ = {
			isa = XCBuildConfiguration;
			buildSettings = {
				ASSETCATALOG_COMPILER_APPICON_NAME = AppIcon;
				ASSETCATALOG_COMPILER_GLOBAL_ACCENT_COLOR_NAME = AccentColor;
				CODE_SIGN_STYLE = Automatic;
				CURRENT_PROJECT_VERSION = 1;
				DEVELOPMENT_ASSET_PATHS = "\"DemoTouchdown/Preview Content\"";
				DEVELOPMENT_TEAM = 6LYSCZM2WQ;
				ENABLE_PREVIEWS = YES;
				GENERATE_INFOPLIST_FILE = YES;
				INFOPLIST_FILE = DemoTouchdown/Info.plist;
				INFOPLIST_KEY_UIApplicationSceneManifest_Generation = YES;
				INFOPLIST_KEY_UIApplicationSupportsIndirectInputEvents = YES;
				INFOPLIST_KEY_UISupportedInterfaceOrientations = UIInterfaceOrientationPortrait;
				INFOPLIST_KEY_UISupportedInterfaceOrientations_iPad = "UIInterfaceOrientationPortrait UIInterfaceOrientationPortraitUpsideDown";
				INFOPLIST_KEY_UIUserInterfaceStyle = Light;
				LD_RUNPATH_SEARCH_PATHS = (
					"$(inherited)",
					"@executable_path/Frameworks",
				);
				MARKETING_VERSION = 1.0;
				PRODUCT_BUNDLE_IDENTIFIER = com.gidsarlab.DemoTouchdown;
				PRODUCT_NAME = "$(TARGET_NAME)";
				SWIFT_EMIT_LOC_STRINGS = YES;
				SWIFT_VERSION = 5.0;
				TARGETED_DEVICE_FAMILY = "1,2";
			};
			name = Release;
		};
/* End XCBuildConfiguration section */

/* Begin XCConfigurationList section */
		05D461822BC7624300AAD2C9 /* Build configuration list for PBXProject "DemoTouchdown" */ = {
			isa = XCConfigurationList;
			buildConfigurations = (
				05D461932BC7624500AAD2C9 /* Debug */,
				05D461942BC7624500AAD2C9 /* Release */,
			);
			defaultConfigurationIsVisible = 0;
			defaultConfigurationName = Release;
		};
		05D461952BC7624500AAD2C9 /* Build configuration list for PBXNativeTarget "DemoTouchdown" */ = {
			isa = XCConfigurationList;
			buildConfigurations = (
				05D461962BC7624500AAD2C9 /* Debug */,
				05D461972BC7624500AAD2C9 /* Release */,
			);
			defaultConfigurationIsVisible = 0;
			defaultConfigurationName = Release;
		};
/* End XCConfigurationList section */
	};
	rootObject = 05D4617F2BC7624300AAD2C9 /* Project object */;
}
